
Microsoft Visual Studio Solution File, Format Version 12.00
# Visual Studio Version 17
VisualStudioVersion = 17.0.31903.59
MinimumVisualStudioVersion = 10.0.40219.1
Project("{FAE04EC0-301F-11D3-BF4B-00C04F79EFBC}") = "VanillaNetworking", "VanillaNetworking\VanillaNetworking.csproj", "{6163EF7B-839F-4E4C-BCEF-949941F9E794}"
EndProject
Project("{FAE04EC0-301F-11D3-BF4B-00C04F79EFBC}") = "SourceGenerator", "SourceGenerator\SourceGenerator.csproj", "{A0F6B152-6A52-48CB-ACA0-46E88FB154CB}"
EndProject
Project("{2150E333-8FDC-42A3-9474-1A3956D46DE8}") = "shared", "shared", "{622C7980-4AE3-4832-8519-A7D7F7C10BFD}"
	ProjectSection(SolutionItems) = preProject
		Mod.targets = Mod.targets
	EndProjectSection
EndProject
Project("{FAE04EC0-301F-11D3-BF4B-00C04F79EFBC}") = "CrowsWhoMow", "CrowsWhoMow\CrowsWhoMow.csproj", "{49A3AF60-73C1-4231-A030-932090011B04}"
EndProject
Project("{2150E333-8FDC-42A3-9474-1A3956D46DE8}") = "gen", "gen", "{D0353D97-3D9A-4E4D-AF15-FE1B0EF78DDD}"
EndProject
Project("{FAE04EC0-301F-11D3-BF4B-00C04F79EFBC}") = "UnlockedZoom", "UnlockedZoom\UnlockedZoom.csproj", "{FDD5A91F-B21B-4CE3-95D7-DBFB8FDD4B7C}"
EndProject
Project("{2150E333-8FDC-42A3-9474-1A3956D46DE8}") = "libs", "libs", "{6A27AD44-293A-47E4-A2BB-0546BA2B2E97}"
EndProject
Project("{2150E333-8FDC-42A3-9474-1A3956D46DE8}") = "mods", "mods", "{CB2E550F-464F-496D-92E6-B7DE0DAF1A37}"
EndProject
Project("{FAE04EC0-301F-11D3-BF4B-00C04F79EFBC}") = "SlightlyBetterTextRendering", "SlightlyBetterTextRendering\SlightlyBetterTextRendering.csproj", "{3987BACC-E35C-4D94-9ACE-2C472A5EF8CB}"
EndProject
Project("{FAE04EC0-301F-11D3-BF4B-00C04F79EFBC}") = "NotQuiteNitrate", "NotQuiteNitrate\NotQuiteNitrate.csproj", "{9F80B1EE-2147-4EDD-9854-B299E2435BCC}"
EndProject
Project("{FAE04EC0-301F-11D3-BF4B-00C04F79EFBC}") = "RevisedConfiguration", "RevisedConfiguration\RevisedConfiguration.csproj", "{C1EF414D-6A2D-4B97-801F-FA751DFA5984}"
EndProject
Project("{FAE04EC0-301F-11D3-BF4B-00C04F79EFBC}") = "FullProjectDecompiler", "FullProjectDecompiler\FullProjectDecompiler.csproj", "{6B4BD477-CFBD-4B56-9B02-78883A7A7FFB}"
EndProject
Project("{FAE04EC0-301F-11D3-BF4B-00C04F79EFBC}") = "Reaganism.CDC", "cdc\src\Reaganism.CDC\Reaganism.CDC.csproj", "{BBF7DD9A-F6F5-419C-896C-3D68B51FC232}"
EndProject
Project("{2150E333-8FDC-42A3-9474-1A3956D46DE8}") = "cdc", "cdc", "{4F4D5B0E-02D1-4ABB-B0C3-B4DCF8E68B4D}"
EndProject
Project("{FAE04EC0-301F-11D3-BF4B-00C04F79EFBC}") = "Reaganism.FBI", "cdc\src\fbi\src\Reaganism.FBI\Reaganism.FBI.csproj", "{FE45DA2F-B906-4067-84F1-AFDBCA01C9A9}"
EndProject
Project("{FAE04EC0-301F-11D3-BF4B-00C04F79EFBC}") = "ChitterChatter", "ChitterChatter\ChitterChatter.csproj", "{ABF68C6B-3389-46D0-BAEE-8EFF7805BE33}"
EndProject
Project("{FAE04EC0-301F-11D3-BF4B-00C04F79EFBC}") = "Nightshade", "Nightshade\Nightshade.csproj", "{E9EF5AD4-2F0C-46CD-8738-E44550F50098}"
EndProject
Global
	GlobalSection(SolutionConfigurationPlatforms) = preSolution
		Debug|Any CPU = Debug|Any CPU
		Release|Any CPU = Release|Any CPU
	EndGlobalSection
	GlobalSection(SolutionProperties) = preSolution
		HideSolutionNode = FALSE
	EndGlobalSection
	GlobalSection(ProjectConfigurationPlatforms) = postSolution
		{6163EF7B-839F-4E4C-BCEF-949941F9E794}.Debug|Any CPU.ActiveCfg = Debug|Any CPU
		{6163EF7B-839F-4E4C-BCEF-949941F9E794}.Debug|Any CPU.Build.0 = Debug|Any CPU
		{6163EF7B-839F-4E4C-BCEF-949941F9E794}.Release|Any CPU.ActiveCfg = Release|Any CPU
		{6163EF7B-839F-4E4C-BCEF-949941F9E794}.Release|Any CPU.Build.0 = Release|Any CPU
		{A0F6B152-6A52-48CB-ACA0-46E88FB154CB}.Debug|Any CPU.ActiveCfg = Debug|Any CPU
		{A0F6B152-6A52-48CB-ACA0-46E88FB154CB}.Debug|Any CPU.Build.0 = Debug|Any CPU
		{A0F6B152-6A52-48CB-ACA0-46E88FB154CB}.Release|Any CPU.ActiveCfg = Release|Any CPU
		{A0F6B152-6A52-48CB-ACA0-46E88FB154CB}.Release|Any CPU.Build.0 = Release|Any CPU
		{49A3AF60-73C1-4231-A030-932090011B04}.Debug|Any CPU.ActiveCfg = Debug|Any CPU
		{49A3AF60-73C1-4231-A030-932090011B04}.Debug|Any CPU.Build.0 = Debug|Any CPU
		{49A3AF60-73C1-4231-A030-932090011B04}.Release|Any CPU.ActiveCfg = Release|Any CPU
		{49A3AF60-73C1-4231-A030-932090011B04}.Release|Any CPU.Build.0 = Release|Any CPU
		{FDD5A91F-B21B-4CE3-95D7-DBFB8FDD4B7C}.Debug|Any CPU.ActiveCfg = Debug|Any CPU
		{FDD5A91F-B21B-4CE3-95D7-DBFB8FDD4B7C}.Debug|Any CPU.Build.0 = Debug|Any CPU
		{FDD5A91F-B21B-4CE3-95D7-DBFB8FDD4B7C}.Release|Any CPU.ActiveCfg = Release|Any CPU
		{FDD5A91F-B21B-4CE3-95D7-DBFB8FDD4B7C}.Release|Any CPU.Build.0 = Release|Any CPU
		{3987BACC-E35C-4D94-9ACE-2C472A5EF8CB}.Debug|Any CPU.ActiveCfg = Debug|Any CPU
		{3987BACC-E35C-4D94-9ACE-2C472A5EF8CB}.Debug|Any CPU.Build.0 = Debug|Any CPU
		{3987BACC-E35C-4D94-9ACE-2C472A5EF8CB}.Release|Any CPU.ActiveCfg = Release|Any CPU
		{3987BACC-E35C-4D94-9ACE-2C472A5EF8CB}.Release|Any CPU.Build.0 = Release|Any CPU
		{9F80B1EE-2147-4EDD-9854-B299E2435BCC}.Debug|Any CPU.ActiveCfg = Debug|Any CPU
		{9F80B1EE-2147-4EDD-9854-B299E2435BCC}.Debug|Any CPU.Build.0 = Debug|Any CPU
		{9F80B1EE-2147-4EDD-9854-B299E2435BCC}.Release|Any CPU.ActiveCfg = Release|Any CPU
		{9F80B1EE-2147-4EDD-9854-B299E2435BCC}.Release|Any CPU.Build.0 = Release|Any CPU
		{C1EF414D-6A2D-4B97-801F-FA751DFA5984}.Debug|Any CPU.ActiveCfg = Debug|Any CPU
		{C1EF414D-6A2D-4B97-801F-FA751DFA5984}.Debug|Any CPU.Build.0 = Debug|Any CPU
		{C1EF414D-6A2D-4B97-801F-FA751DFA5984}.Release|Any CPU.ActiveCfg = Release|Any CPU
		{C1EF414D-6A2D-4B97-801F-FA751DFA5984}.Release|Any CPU.Build.0 = Release|Any CPU
		{6B4BD477-CFBD-4B56-9B02-78883A7A7FFB}.Debug|Any CPU.ActiveCfg = Debug|Any CPU
		{6B4BD477-CFBD-4B56-9B02-78883A7A7FFB}.Debug|Any CPU.Build.0 = Debug|Any CPU
		{6B4BD477-CFBD-4B56-9B02-78883A7A7FFB}.Release|Any CPU.ActiveCfg = Release|Any CPU
		{6B4BD477-CFBD-4B56-9B02-78883A7A7FFB}.Release|Any CPU.Build.0 = Release|Any CPU
		{BBF7DD9A-F6F5-419C-896C-3D68B51FC232}.Debug|Any CPU.ActiveCfg = Debug|Any CPU
		{BBF7DD9A-F6F5-419C-896C-3D68B51FC232}.Debug|Any CPU.Build.0 = Debug|Any CPU
		{BBF7DD9A-F6F5-419C-896C-3D68B51FC232}.Release|Any CPU.ActiveCfg = Release|Any CPU
		{BBF7DD9A-F6F5-419C-896C-3D68B51FC232}.Release|Any CPU.Build.0 = Release|Any CPU
		{FE45DA2F-B906-4067-84F1-AFDBCA01C9A9}.Debug|Any CPU.ActiveCfg = Debug|Any CPU
		{FE45DA2F-B906-4067-84F1-AFDBCA01C9A9}.Debug|Any CPU.Build.0 = Debug|Any CPU
		{FE45DA2F-B906-4067-84F1-AFDBCA01C9A9}.Release|Any CPU.ActiveCfg = Release|Any CPU
		{FE45DA2F-B906-4067-84F1-AFDBCA01C9A9}.Release|Any CPU.Build.0 = Release|Any CPU
		{ABF68C6B-3389-46D0-BAEE-8EFF7805BE33}.Debug|Any CPU.ActiveCfg = Debug|Any CPU
		{ABF68C6B-3389-46D0-BAEE-8EFF7805BE33}.Debug|Any CPU.Build.0 = Debug|Any CPU
		{ABF68C6B-3389-46D0-BAEE-8EFF7805BE33}.Release|Any CPU.ActiveCfg = Release|Any CPU
		{ABF68C6B-3389-46D0-BAEE-8EFF7805BE33}.Release|Any CPU.Build.0 = Release|Any CPU
		{E9EF5AD4-2F0C-46CD-8738-E44550F50098}.Debug|Any CPU.ActiveCfg = Debug|Any CPU
		{E9EF5AD4-2F0C-46CD-8738-E44550F50098}.Debug|Any CPU.Build.0 = Debug|Any CPU
		{E9EF5AD4-2F0C-46CD-8738-E44550F50098}.Release|Any CPU.ActiveCfg = Release|Any CPU
		{E9EF5AD4-2F0C-46CD-8738-E44550F50098}.Release|Any CPU.Build.0 = Release|Any CPU
	EndGlobalSection
	GlobalSection(NestedProjects) = preSolution
		{A0F6B152-6A52-48CB-ACA0-46E88FB154CB} = {D0353D97-3D9A-4E4D-AF15-FE1B0EF78DDD}
		{6163EF7B-839F-4E4C-BCEF-949941F9E794} = {CB2E550F-464F-496D-92E6-B7DE0DAF1A37}
		{FDD5A91F-B21B-4CE3-95D7-DBFB8FDD4B7C} = {CB2E550F-464F-496D-92E6-B7DE0DAF1A37}
		{49A3AF60-73C1-4231-A030-932090011B04} = {CB2E550F-464F-496D-92E6-B7DE0DAF1A37}
		{3987BACC-E35C-4D94-9ACE-2C472A5EF8CB} = {CB2E550F-464F-496D-92E6-B7DE0DAF1A37}
		{9F80B1EE-2147-4EDD-9854-B299E2435BCC} = {CB2E550F-464F-496D-92E6-B7DE0DAF1A37}
		{C1EF414D-6A2D-4B97-801F-FA751DFA5984} = {6A27AD44-293A-47E4-A2BB-0546BA2B2E97}
		{6B4BD477-CFBD-4B56-9B02-78883A7A7FFB} = {CB2E550F-464F-496D-92E6-B7DE0DAF1A37}
		{BBF7DD9A-F6F5-419C-896C-3D68B51FC232} = {4F4D5B0E-02D1-4ABB-B0C3-B4DCF8E68B4D}
		{FE45DA2F-B906-4067-84F1-AFDBCA01C9A9} = {4F4D5B0E-02D1-4ABB-B0C3-B4DCF8E68B4D}
		{ABF68C6B-3389-46D0-BAEE-8EFF7805BE33} = {CB2E550F-464F-496D-92E6-B7DE0DAF1A37}
		{E9EF5AD4-2F0C-46CD-8738-E44550F50098} = {CB2E550F-464F-496D-92E6-B7DE0DAF1A37}
	EndGlobalSection
EndGlobal
