
Microsoft Visual Studio Solution File, Format Version 12.00
# Visual Studio Version 17
VisualStudioVersion = 17.0.31903.59
MinimumVisualStudioVersion = 10.0.40219.1
Project("{2150E333-8FDC-42A3-9474-1A3956D46DE8}") = "common", "common", "{CA73BA1F-E7EA-4EE4-B2A3-3B6238A6297C}"
	ProjectSection(SolutionItems) = preProject
		common\Mod.targets = common\Mod.targets
	EndProjectSection
EndProject
Project("{FAE04EC0-301F-11D3-BF4B-00C04F79EFBC}") = "SourceGenerator", "common\SourceGenerator\SourceGenerator.csproj", "{9E9C4C7E-1BA8-473D-872E-19352FE298A7}"
EndProject
Project("{2150E333-8FDC-42A3-9474-1A3956D46DE8}") = "libs", "libs", "{D21CDFA8-EF3E-4F74-927C-1D6E76668573}"
EndProject
Project("{FAE04EC0-301F-11D3-BF4B-00C04F79EFBC}") = "RevisedConfiguration", "libs\RevisedConfiguration\RevisedConfiguration.csproj", "{D7BF5C3A-366D-4C76-9E41-3B719602953F}"
EndProject
Project("{2150E333-8FDC-42A3-9474-1A3956D46DE8}") = "mods", "mods", "{BFFB2F46-759A-46CC-ACB1-5178D20E7B19}"
EndProject
Project("{FAE04EC0-301F-11D3-BF4B-00C04F79EFBC}") = "ChitterChatter", "mods\ChitterChatter\ChitterChatter.csproj", "{E0B4366B-53D7-48FD-9755-5647DDEAECA3}"
EndProject
Project("{FAE04EC0-301F-11D3-BF4B-00C04F79EFBC}") = "CrowsWhoMow", "mods\CrowsWhoMow\CrowsWhoMow.csproj", "{8CB581C4-7D98-465A-9F01-79D3DB643124}"
EndProject
Project("{FAE04EC0-301F-11D3-BF4B-00C04F79EFBC}") = "FullProjectDecompiler", "mods\FullProjectDecompiler\FullProjectDecompiler.csproj", "{2DFA458F-E364-4ABF-A2FB-180FD6C553D0}"
EndProject
Project("{FAE04EC0-301F-11D3-BF4B-00C04F79EFBC}") = "NotQuiteNitrate", "mods\NotQuiteNitrate\NotQuiteNitrate.csproj", "{F14C391B-35AB-4B53-B527-738FFA9A6F9C}"
EndProject
Project("{FAE04EC0-301F-11D3-BF4B-00C04F79EFBC}") = "SlightlyBetterTextRendering", "mods\SlightlyBetterTextRendering\SlightlyBetterTextRendering.csproj", "{C5663BC5-418E-496B-84FF-F8075448A2A3}"
EndProject
Project("{FAE04EC0-301F-11D3-BF4B-00C04F79EFBC}") = "UnlockedZoom", "mods\UnlockedZoom\UnlockedZoom.csproj", "{B73F2DE8-126A-400A-851A-DD257CF85CF5}"
EndProject
Project("{FAE04EC0-301F-11D3-BF4B-00C04F79EFBC}") = "VanillaNetworking", "mods\VanillaNetworking\VanillaNetworking.csproj", "{73967DFB-9498-4F33-860C-F116FFACFDAF}"
EndProject
Project("{2150E333-8FDC-42A3-9474-1A3956D46DE8}") = "nightshade", "nightshade", "{8B21818B-87AE-4F25-A3B3-24185630F255}"
EndProject
Project("{FAE04EC0-301F-11D3-BF4B-00C04F79EFBC}") = "Nightshade", "nightshade\Nightshade\Nightshade.csproj", "{1BF6133E-AF45-4A83-B9A2-3CB99BE3D621}"
EndProject
Global
	GlobalSection(SolutionConfigurationPlatforms) = preSolution
		Debug|Any CPU = Debug|Any CPU
		Release|Any CPU = Release|Any CPU
	EndGlobalSection
	GlobalSection(SolutionProperties) = preSolution
		HideSolutionNode = FALSE
	EndGlobalSection
	GlobalSection(ProjectConfigurationPlatforms) = postSolution
		{9E9C4C7E-1BA8-473D-872E-19352FE298A7}.Debug|Any CPU.ActiveCfg = Debug|Any CPU
		{9E9C4C7E-1BA8-473D-872E-19352FE298A7}.Debug|Any CPU.Build.0 = Debug|Any CPU
		{9E9C4C7E-1BA8-473D-872E-19352FE298A7}.Release|Any CPU.ActiveCfg = Release|Any CPU
		{9E9C4C7E-1BA8-473D-872E-19352FE298A7}.Release|Any CPU.Build.0 = Release|Any CPU
		{D7BF5C3A-366D-4C76-9E41-3B719602953F}.Debug|Any CPU.ActiveCfg = Debug|Any CPU
		{D7BF5C3A-366D-4C76-9E41-3B719602953F}.Debug|Any CPU.Build.0 = Debug|Any CPU
		{D7BF5C3A-366D-4C76-9E41-3B719602953F}.Release|Any CPU.ActiveCfg = Release|Any CPU
		{D7BF5C3A-366D-4C76-9E41-3B719602953F}.Release|Any CPU.Build.0 = Release|Any CPU
		{E0B4366B-53D7-48FD-9755-5647DDEAECA3}.Debug|Any CPU.ActiveCfg = Debug|Any CPU
		{E0B4366B-53D7-48FD-9755-5647DDEAECA3}.Debug|Any CPU.Build.0 = Debug|Any CPU
		{E0B4366B-53D7-48FD-9755-5647DDEAECA3}.Release|Any CPU.ActiveCfg = Release|Any CPU
		{E0B4366B-53D7-48FD-9755-5647DDEAECA3}.Release|Any CPU.Build.0 = Release|Any CPU
		{8CB581C4-7D98-465A-9F01-79D3DB643124}.Debug|Any CPU.ActiveCfg = Debug|Any CPU
		{8CB581C4-7D98-465A-9F01-79D3DB643124}.Debug|Any CPU.Build.0 = Debug|Any CPU
		{8CB581C4-7D98-465A-9F01-79D3DB643124}.Release|Any CPU.ActiveCfg = Release|Any CPU
		{8CB581C4-7D98-465A-9F01-79D3DB643124}.Release|Any CPU.Build.0 = Release|Any CPU
		{2DFA458F-E364-4ABF-A2FB-180FD6C553D0}.Debug|Any CPU.ActiveCfg = Debug|Any CPU
		{2DFA458F-E364-4ABF-A2FB-180FD6C553D0}.Debug|Any CPU.Build.0 = Debug|Any CPU
		{2DFA458F-E364-4ABF-A2FB-180FD6C553D0}.Release|Any CPU.ActiveCfg = Release|Any CPU
		{2DFA458F-E364-4ABF-A2FB-180FD6C553D0}.Release|Any CPU.Build.0 = Release|Any CPU
		{F14C391B-35AB-4B53-B527-738FFA9A6F9C}.Debug|Any CPU.ActiveCfg = Debug|Any CPU
		{F14C391B-35AB-4B53-B527-738FFA9A6F9C}.Debug|Any CPU.Build.0 = Debug|Any CPU
		{F14C391B-35AB-4B53-B527-738FFA9A6F9C}.Release|Any CPU.ActiveCfg = Release|Any CPU
		{F14C391B-35AB-4B53-B527-738FFA9A6F9C}.Release|Any CPU.Build.0 = Release|Any CPU
		{C5663BC5-418E-496B-84FF-F8075448A2A3}.Debug|Any CPU.ActiveCfg = Debug|Any CPU
		{C5663BC5-418E-496B-84FF-F8075448A2A3}.Debug|Any CPU.Build.0 = Debug|Any CPU
		{C5663BC5-418E-496B-84FF-F8075448A2A3}.Release|Any CPU.ActiveCfg = Release|Any CPU
		{C5663BC5-418E-496B-84FF-F8075448A2A3}.Release|Any CPU.Build.0 = Release|Any CPU
		{B73F2DE8-126A-400A-851A-DD257CF85CF5}.Debug|Any CPU.ActiveCfg = Debug|Any CPU
		{B73F2DE8-126A-400A-851A-DD257CF85CF5}.Debug|Any CPU.Build.0 = Debug|Any CPU
		{B73F2DE8-126A-400A-851A-DD257CF85CF5}.Release|Any CPU.ActiveCfg = Release|Any CPU
		{B73F2DE8-126A-400A-851A-DD257CF85CF5}.Release|Any CPU.Build.0 = Release|Any CPU
		{73967DFB-9498-4F33-860C-F116FFACFDAF}.Debug|Any CPU.ActiveCfg = Debug|Any CPU
		{73967DFB-9498-4F33-860C-F116FFACFDAF}.Debug|Any CPU.Build.0 = Debug|Any CPU
		{73967DFB-9498-4F33-860C-F116FFACFDAF}.Release|Any CPU.ActiveCfg = Release|Any CPU
		{73967DFB-9498-4F33-860C-F116FFACFDAF}.Release|Any CPU.Build.0 = Release|Any CPU
		{1BF6133E-AF45-4A83-B9A2-3CB99BE3D621}.Debug|Any CPU.ActiveCfg = Debug|Any CPU
		{1BF6133E-AF45-4A83-B9A2-3CB99BE3D621}.Debug|Any CPU.Build.0 = Debug|Any CPU
		{1BF6133E-AF45-4A83-B9A2-3CB99BE3D621}.Release|Any CPU.ActiveCfg = Release|Any CPU
		{1BF6133E-AF45-4A83-B9A2-3CB99BE3D621}.Release|Any CPU.Build.0 = Release|Any CPU
	EndGlobalSection
	GlobalSection(NestedProjects) = preSolution
		{9E9C4C7E-1BA8-473D-872E-19352FE298A7} = {CA73BA1F-E7EA-4EE4-B2A3-3B6238A6297C}
		{D7BF5C3A-366D-4C76-9E41-3B719602953F} = {D21CDFA8-EF3E-4F74-927C-1D6E76668573}
		{E0B4366B-53D7-48FD-9755-5647DDEAECA3} = {BFFB2F46-759A-46CC-ACB1-5178D20E7B19}
		{8CB581C4-7D98-465A-9F01-79D3DB643124} = {BFFB2F46-759A-46CC-ACB1-5178D20E7B19}
		{2DFA458F-E364-4ABF-A2FB-180FD6C553D0} = {BFFB2F46-759A-46CC-ACB1-5178D20E7B19}
		{F14C391B-35AB-4B53-B527-738FFA9A6F9C} = {BFFB2F46-759A-46CC-ACB1-5178D20E7B19}
		{C5663BC5-418E-496B-84FF-F8075448A2A3} = {BFFB2F46-759A-46CC-ACB1-5178D20E7B19}
		{B73F2DE8-126A-400A-851A-DD257CF85CF5} = {BFFB2F46-759A-46CC-ACB1-5178D20E7B19}
		{73967DFB-9498-4F33-860C-F116FFACFDAF} = {BFFB2F46-759A-46CC-ACB1-5178D20E7B19}
		{1BF6133E-AF45-4A83-B9A2-3CB99BE3D621} = {8B21818B-87AE-4F25-A3B3-24185630F255}
	EndGlobalSection
EndGlobal
