
Microsoft Visual Studio Solution File, Format Version 12.00
# Visual Studio Version 17
VisualStudioVersion = 17.0.31903.59
MinimumVisualStudioVersion = 10.0.40219.1
Project("{2150E333-8FDC-42A3-9474-1A3956D46DE8}") = "common", "common", "{CA73BA1F-E7EA-4EE4-B2A3-3B6238A6297C}"
EndProject
Project("{2150E333-8FDC-42A3-9474-1A3956D46DE8}") = "libs", "libs", "{D21CDFA8-EF3E-4F74-927C-1D6E76668573}"
EndProject
Project("{2150E333-8FDC-42A3-9474-1A3956D46DE8}") = "mods", "mods", "{BFFB2F46-759A-46CC-ACB1-5178D20E7B19}"
EndProject
Project("{FAE04EC0-301F-11D3-BF4B-00C04F79EFBC}") = "ChitterChatter", "mods\ChitterChatter\ChitterChatter.csproj", "{E0B4366B-53D7-48FD-9755-5647DDEAECA3}"
EndProject
Project("{FAE04EC0-301F-11D3-BF4B-00C04F79EFBC}") = "CrowsWhoMow", "mods\CrowsWhoMow\CrowsWhoMow.csproj", "{8CB581C4-7D98-465A-9F01-79D3DB643124}"
EndProject
Project("{FAE04EC0-301F-11D3-BF4B-00C04F79EFBC}") = "NotQuiteNitrate", "mods\NotQuiteNitrate\NotQuiteNitrate.csproj", "{F14C391B-35AB-4B53-B527-738FFA9A6F9C}"
EndProject
Project("{FAE04EC0-301F-11D3-BF4B-00C04F79EFBC}") = "SlightlyBetterTextRendering", "mods\SlightlyBetterTextRendering\SlightlyBetterTextRendering.csproj", "{C5663BC5-418E-496B-84FF-F8075448A2A3}"
EndProject
Project("{FAE04EC0-301F-11D3-BF4B-00C04F79EFBC}") = "VanillaNetworking", "mods\VanillaNetworking\VanillaNetworking.csproj", "{73967DFB-9498-4F33-860C-F116FFACFDAF}"
EndProject
Project("{2150E333-8FDC-42A3-9474-1A3956D46DE8}") = "include", "include", "{D59E0DD8-1B92-4781-8B42-100F9101ABCE}"
	ProjectSection(SolutionItems) = preProject
		libs\include\DynamicModCalls.cs = libs\include\DynamicModCalls.cs
		libs\include\README.txt = libs\include\README.txt
	EndProjectSection
EndProject
Project("{2150E333-8FDC-42A3-9474-1A3956D46DE8}") = "broken-wings", "broken-wings", "{2CC340C8-18DF-421A-8BD1-69CD20FF98A5}"
	ProjectSection(SolutionItems) = preProject
		..\broken-wings\src\Mod.targets = ..\broken-wings\src\Mod.targets
	EndProjectSection
EndProject
Project("{FAE04EC0-301F-11D3-BF4B-00C04F79EFBC}") = "Build.Post", "..\broken-wings\src\Build.Post\Build.Post.csproj", "{AD7DD240-F7E1-44C7-A3A4-43DBFD6F13BD}"
EndProject
Project("{FAE04EC0-301F-11D3-BF4B-00C04F79EFBC}") = "Build.Pre", "..\broken-wings\src\Build.Pre\Build.Pre.csproj", "{67683AAB-441E-4FE3-BE78-C6585647F91C}"
EndProject
Project("{FAE04EC0-301F-11D3-BF4B-00C04F79EFBC}") = "Build.Shared", "..\broken-wings\src\Build.Shared\Build.Shared.csproj", "{E32008B2-3CB5-4024-8378-910BF9714F42}"
EndProject
Project("{FAE04EC0-301F-11D3-BF4B-00C04F79EFBC}") = "CodeAnalysis", "..\broken-wings\src\CodeAnalysis\CodeAnalysis.csproj", "{E0698976-B09D-4827-BA7A-E9867A6298BB}"
EndProject
Project("{FAE04EC0-301F-11D3-BF4B-00C04F79EFBC}") = "ShaderDecompiler", "..\broken-wings\src\shader-reader\ShaderDecompiler.csproj", "{DBE99269-8B26-4EE6-846F-C538ED00C982}"
EndProject
Project("{FAE04EC0-301F-11D3-BF4B-00C04F79EFBC}") = "PrefixGrammar", "mods\PrefixGrammar\PrefixGrammar.csproj", "{27106C35-C9EE-4FF6-919B-126BEAB64773}"
EndProject
Project("{FAE04EC0-301F-11D3-BF4B-00C04F79EFBC}") = "SonarIcons", "mods\SonarIcons\SonarIcons.csproj", "{99E487FE-F2CD-4E0D-87D4-6B66AAD06637}"
EndProject
Global
	GlobalSection(SolutionConfigurationPlatforms) = preSolution
		Debug|Any CPU = Debug|Any CPU
		Release|Any CPU = Release|Any CPU
	EndGlobalSection
	GlobalSection(SolutionProperties) = preSolution
		HideSolutionNode = FALSE
	EndGlobalSection
	GlobalSection(ProjectConfigurationPlatforms) = postSolution
		{E0B4366B-53D7-48FD-9755-5647DDEAECA3}.Debug|Any CPU.ActiveCfg = Debug|Any CPU
		{E0B4366B-53D7-48FD-9755-5647DDEAECA3}.Debug|Any CPU.Build.0 = Debug|Any CPU
		{E0B4366B-53D7-48FD-9755-5647DDEAECA3}.Release|Any CPU.ActiveCfg = Release|Any CPU
		{E0B4366B-53D7-48FD-9755-5647DDEAECA3}.Release|Any CPU.Build.0 = Release|Any CPU
		{8CB581C4-7D98-465A-9F01-79D3DB643124}.Debug|Any CPU.ActiveCfg = Debug|Any CPU
		{8CB581C4-7D98-465A-9F01-79D3DB643124}.Debug|Any CPU.Build.0 = Debug|Any CPU
		{8CB581C4-7D98-465A-9F01-79D3DB643124}.Release|Any CPU.ActiveCfg = Release|Any CPU
		{8CB581C4-7D98-465A-9F01-79D3DB643124}.Release|Any CPU.Build.0 = Release|Any CPU
		{F14C391B-35AB-4B53-B527-738FFA9A6F9C}.Debug|Any CPU.ActiveCfg = Debug|Any CPU
		{F14C391B-35AB-4B53-B527-738FFA9A6F9C}.Debug|Any CPU.Build.0 = Debug|Any CPU
		{F14C391B-35AB-4B53-B527-738FFA9A6F9C}.Release|Any CPU.ActiveCfg = Release|Any CPU
		{F14C391B-35AB-4B53-B527-738FFA9A6F9C}.Release|Any CPU.Build.0 = Release|Any CPU
		{C5663BC5-418E-496B-84FF-F8075448A2A3}.Debug|Any CPU.ActiveCfg = Debug|Any CPU
		{C5663BC5-418E-496B-84FF-F8075448A2A3}.Debug|Any CPU.Build.0 = Debug|Any CPU
		{C5663BC5-418E-496B-84FF-F8075448A2A3}.Release|Any CPU.ActiveCfg = Release|Any CPU
		{C5663BC5-418E-496B-84FF-F8075448A2A3}.Release|Any CPU.Build.0 = Release|Any CPU
		{73967DFB-9498-4F33-860C-F116FFACFDAF}.Debug|Any CPU.ActiveCfg = Debug|Any CPU
		{73967DFB-9498-4F33-860C-F116FFACFDAF}.Debug|Any CPU.Build.0 = Debug|Any CPU
		{73967DFB-9498-4F33-860C-F116FFACFDAF}.Release|Any CPU.ActiveCfg = Release|Any CPU
		{73967DFB-9498-4F33-860C-F116FFACFDAF}.Release|Any CPU.Build.0 = Release|Any CPU
		{AD7DD240-F7E1-44C7-A3A4-43DBFD6F13BD}.Debug|Any CPU.ActiveCfg = Debug|Any CPU
		{AD7DD240-F7E1-44C7-A3A4-43DBFD6F13BD}.Debug|Any CPU.Build.0 = Debug|Any CPU
		{AD7DD240-F7E1-44C7-A3A4-43DBFD6F13BD}.Release|Any CPU.ActiveCfg = Release|Any CPU
		{AD7DD240-F7E1-44C7-A3A4-43DBFD6F13BD}.Release|Any CPU.Build.0 = Release|Any CPU
		{67683AAB-441E-4FE3-BE78-C6585647F91C}.Debug|Any CPU.ActiveCfg = Debug|Any CPU
		{67683AAB-441E-4FE3-BE78-C6585647F91C}.Debug|Any CPU.Build.0 = Debug|Any CPU
		{67683AAB-441E-4FE3-BE78-C6585647F91C}.Release|Any CPU.ActiveCfg = Release|Any CPU
		{67683AAB-441E-4FE3-BE78-C6585647F91C}.Release|Any CPU.Build.0 = Release|Any CPU
		{E32008B2-3CB5-4024-8378-910BF9714F42}.Debug|Any CPU.ActiveCfg = Debug|Any CPU
		{E32008B2-3CB5-4024-8378-910BF9714F42}.Debug|Any CPU.Build.0 = Debug|Any CPU
		{E32008B2-3CB5-4024-8378-910BF9714F42}.Release|Any CPU.ActiveCfg = Release|Any CPU
		{E32008B2-3CB5-4024-8378-910BF9714F42}.Release|Any CPU.Build.0 = Release|Any CPU
		{E0698976-B09D-4827-BA7A-E9867A6298BB}.Debug|Any CPU.ActiveCfg = Debug|Any CPU
		{E0698976-B09D-4827-BA7A-E9867A6298BB}.Debug|Any CPU.Build.0 = Debug|Any CPU
		{E0698976-B09D-4827-BA7A-E9867A6298BB}.Release|Any CPU.ActiveCfg = Release|Any CPU
		{E0698976-B09D-4827-BA7A-E9867A6298BB}.Release|Any CPU.Build.0 = Release|Any CPU
		{DBE99269-8B26-4EE6-846F-C538ED00C982}.Debug|Any CPU.ActiveCfg = Debug|Any CPU
		{DBE99269-8B26-4EE6-846F-C538ED00C982}.Debug|Any CPU.Build.0 = Debug|Any CPU
		{DBE99269-8B26-4EE6-846F-C538ED00C982}.Release|Any CPU.ActiveCfg = Release|Any CPU
		{DBE99269-8B26-4EE6-846F-C538ED00C982}.Release|Any CPU.Build.0 = Release|Any CPU
		{27106C35-C9EE-4FF6-919B-126BEAB64773}.Debug|Any CPU.ActiveCfg = Debug|Any CPU
		{27106C35-C9EE-4FF6-919B-126BEAB64773}.Debug|Any CPU.Build.0 = Debug|Any CPU
		{27106C35-C9EE-4FF6-919B-126BEAB64773}.Release|Any CPU.ActiveCfg = Release|Any CPU
		{27106C35-C9EE-4FF6-919B-126BEAB64773}.Release|Any CPU.Build.0 = Release|Any CPU
		{99E487FE-F2CD-4E0D-87D4-6B66AAD06637}.Debug|Any CPU.ActiveCfg = Debug|Any CPU
		{99E487FE-F2CD-4E0D-87D4-6B66AAD06637}.Debug|Any CPU.Build.0 = Debug|Any CPU
		{99E487FE-F2CD-4E0D-87D4-6B66AAD06637}.Release|Any CPU.ActiveCfg = Release|Any CPU
		{99E487FE-F2CD-4E0D-87D4-6B66AAD06637}.Release|Any CPU.Build.0 = Release|Any CPU
	EndGlobalSection
	GlobalSection(NestedProjects) = preSolution
		{E0B4366B-53D7-48FD-9755-5647DDEAECA3} = {BFFB2F46-759A-46CC-ACB1-5178D20E7B19}
		{8CB581C4-7D98-465A-9F01-79D3DB643124} = {BFFB2F46-759A-46CC-ACB1-5178D20E7B19}
		{F14C391B-35AB-4B53-B527-738FFA9A6F9C} = {BFFB2F46-759A-46CC-ACB1-5178D20E7B19}
		{C5663BC5-418E-496B-84FF-F8075448A2A3} = {BFFB2F46-759A-46CC-ACB1-5178D20E7B19}
		{73967DFB-9498-4F33-860C-F116FFACFDAF} = {BFFB2F46-759A-46CC-ACB1-5178D20E7B19}
		{D59E0DD8-1B92-4781-8B42-100F9101ABCE} = {D21CDFA8-EF3E-4F74-927C-1D6E76668573}
		{2CC340C8-18DF-421A-8BD1-69CD20FF98A5} = {CA73BA1F-E7EA-4EE4-B2A3-3B6238A6297C}
		{AD7DD240-F7E1-44C7-A3A4-43DBFD6F13BD} = {2CC340C8-18DF-421A-8BD1-69CD20FF98A5}
		{67683AAB-441E-4FE3-BE78-C6585647F91C} = {2CC340C8-18DF-421A-8BD1-69CD20FF98A5}
		{E32008B2-3CB5-4024-8378-910BF9714F42} = {2CC340C8-18DF-421A-8BD1-69CD20FF98A5}
		{E0698976-B09D-4827-BA7A-E9867A6298BB} = {2CC340C8-18DF-421A-8BD1-69CD20FF98A5}
		{DBE99269-8B26-4EE6-846F-C538ED00C982} = {2CC340C8-18DF-421A-8BD1-69CD20FF98A5}
		{27106C35-C9EE-4FF6-919B-126BEAB64773} = {BFFB2F46-759A-46CC-ACB1-5178D20E7B19}
		{99E487FE-F2CD-4E0D-87D4-6B66AAD06637} = {BFFB2F46-759A-46CC-ACB1-5178D20E7B19}
	EndGlobalSection
EndGlobal
