
Microsoft Visual Studio Solution File, Format Version 12.00
# Visual Studio Version 17
VisualStudioVersion = 17.0.31903.59
MinimumVisualStudioVersion = 10.0.40219.1
Project("{FAE04EC0-301F-11D3-BF4B-00C04F79EFBC}") = "VanillaNetworking", "VanillaNetworking\VanillaNetworking.csproj", "{6163EF7B-839F-4E4C-BCEF-949941F9E794}"
EndProject
Project("{FAE04EC0-301F-11D3-BF4B-00C04F79EFBC}") = "SourceGenerator", "SourceGenerator\SourceGenerator.csproj", "{A0F6B152-6A52-48CB-ACA0-46E88FB154CB}"
EndProject
Project("{2150E333-8FDC-42A3-9474-1A3956D46DE8}") = "shared", "shared", "{622C7980-4AE3-4832-8519-A7D7F7C10BFD}"
	ProjectSection(SolutionItems) = preProject
		generate-symlinks.js = generate-symlinks.js
		Mod.targets = Mod.targets
	EndProjectSection
EndProject
Project("{FAE04EC0-301F-11D3-BF4B-00C04F79EFBC}") = "CrowsWhoMow", "CrowsWhoMow\CrowsWhoMow.csproj", "{49A3AF60-73C1-4231-A030-932090011B04}"
EndProject
Project("{FAE04EC0-301F-11D3-BF4B-00C04F79EFBC}") = "LiquidLib", "LiquidLib\LiquidLib.csproj", "{8B701ED8-63EE-4B49-A722-441682C696F2}"
EndProject
Project("{FAE04EC0-301F-11D3-BF4B-00C04F79EFBC}") = "InlineJitTest", "InlineJitTest\InlineJitTest.csproj", "{FCA4AC4D-DE23-4DC1-8D7F-929229D9640D}"
EndProject
Global
	GlobalSection(SolutionConfigurationPlatforms) = preSolution
		Debug|Any CPU = Debug|Any CPU
		Release|Any CPU = Release|Any CPU
	EndGlobalSection
	GlobalSection(SolutionProperties) = preSolution
		HideSolutionNode = FALSE
	EndGlobalSection
	GlobalSection(ProjectConfigurationPlatforms) = postSolution
		{6163EF7B-839F-4E4C-BCEF-949941F9E794}.Debug|Any CPU.ActiveCfg = Debug|Any CPU
		{6163EF7B-839F-4E4C-BCEF-949941F9E794}.Debug|Any CPU.Build.0 = Debug|Any CPU
		{6163EF7B-839F-4E4C-BCEF-949941F9E794}.Release|Any CPU.ActiveCfg = Release|Any CPU
		{6163EF7B-839F-4E4C-BCEF-949941F9E794}.Release|Any CPU.Build.0 = Release|Any CPU
		{A0F6B152-6A52-48CB-ACA0-46E88FB154CB}.Debug|Any CPU.ActiveCfg = Debug|Any CPU
		{A0F6B152-6A52-48CB-ACA0-46E88FB154CB}.Debug|Any CPU.Build.0 = Debug|Any CPU
		{A0F6B152-6A52-48CB-ACA0-46E88FB154CB}.Release|Any CPU.ActiveCfg = Release|Any CPU
		{A0F6B152-6A52-48CB-ACA0-46E88FB154CB}.Release|Any CPU.Build.0 = Release|Any CPU
		{49A3AF60-73C1-4231-A030-932090011B04}.Debug|Any CPU.ActiveCfg = Debug|Any CPU
		{49A3AF60-73C1-4231-A030-932090011B04}.Debug|Any CPU.Build.0 = Debug|Any CPU
		{49A3AF60-73C1-4231-A030-932090011B04}.Release|Any CPU.ActiveCfg = Release|Any CPU
		{49A3AF60-73C1-4231-A030-932090011B04}.Release|Any CPU.Build.0 = Release|Any CPU
		{8B701ED8-63EE-4B49-A722-441682C696F2}.Debug|Any CPU.ActiveCfg = Debug|Any CPU
		{8B701ED8-63EE-4B49-A722-441682C696F2}.Debug|Any CPU.Build.0 = Debug|Any CPU
		{8B701ED8-63EE-4B49-A722-441682C696F2}.Release|Any CPU.ActiveCfg = Release|Any CPU
		{8B701ED8-63EE-4B49-A722-441682C696F2}.Release|Any CPU.Build.0 = Release|Any CPU
		{FCA4AC4D-DE23-4DC1-8D7F-929229D9640D}.Debug|Any CPU.ActiveCfg = Debug|Any CPU
		{FCA4AC4D-DE23-4DC1-8D7F-929229D9640D}.Debug|Any CPU.Build.0 = Debug|Any CPU
		{FCA4AC4D-DE23-4DC1-8D7F-929229D9640D}.Release|Any CPU.ActiveCfg = Release|Any CPU
		{FCA4AC4D-DE23-4DC1-8D7F-929229D9640D}.Release|Any CPU.Build.0 = Release|Any CPU
	EndGlobalSection
EndGlobal
